
Microsoft Visual Studio Solution File, Format Version 12.00
# Visual Studio 15
VisualStudioVersion = 15.0.27428.2011
MinimumVisualStudioVersion = 10.0.40219.1
Project("{FAE04EC0-301F-11D3-BF4B-00C04F79EFBC}") = "Cajas", "Cajas.csproj", "{CD642F92-FF74-457E-A99F-40C873CD4A4F}"
EndProject
Global
	GlobalSection(SolutionConfigurationPlatforms) = preSolution
		Debug|Any CPU = Debug|Any CPU
		Release|Any CPU = Release|Any CPU
	EndGlobalSection
	GlobalSection(ProjectConfigurationPlatforms) = postSolution
		{CD642F92-FF74-457E-A99F-40C873CD4A4F}.Debug|Any CPU.ActiveCfg = Debug|Any CPU
		{CD642F92-FF74-457E-A99F-40C873CD4A4F}.Debug|Any CPU.Build.0 = Debug|Any CPU
		{CD642F92-FF74-457E-A99F-40C873CD4A4F}.Release|Any CPU.ActiveCfg = Release|Any CPU
		{CD642F92-FF74-457E-A99F-40C873CD4A4F}.Release|Any CPU.Build.0 = Release|Any CPU
	EndGlobalSection
	GlobalSection(SolutionProperties) = preSolution
		HideSolutionNode = FALSE
	EndGlobalSection
	GlobalSection(ExtensibilityGlobals) = postSolution
		SolutionGuid = {F4F18F59-2382-4153-BB67-AA70E8FF36A6}
	EndGlobalSection
EndGlobal
