
Microsoft Visual Studio Solution File, Format Version 12.00
# Visual Studio 15
VisualStudioVersion = 15.0.27428.2011
MinimumVisualStudioVersion = 10.0.40219.1
Project("{FAE04EC0-301F-11D3-BF4B-00C04F79EFBC}") = "Clientes", "WebApplication1\Clientes.csproj", "{7464662E-0AFF-4D92-BED0-0459F6AC7F7C}"
EndProject
Project("{FAE04EC0-301F-11D3-BF4B-00C04F79EFBC}") = "APIClientes", "APIClientes\APIClientes.csproj", "{4CEFB4C3-5ACC-4DD1-84F9-AEB58967B8A0}"
EndProject
Global
	GlobalSection(SolutionConfigurationPlatforms) = preSolution
		Debug|Any CPU = Debug|Any CPU
		Release|Any CPU = Release|Any CPU
	EndGlobalSection
	GlobalSection(ProjectConfigurationPlatforms) = postSolution
		{7464662E-0AFF-4D92-BED0-0459F6AC7F7C}.Debug|Any CPU.ActiveCfg = Debug|Any CPU
		{7464662E-0AFF-4D92-BED0-0459F6AC7F7C}.Debug|Any CPU.Build.0 = Debug|Any CPU
		{7464662E-0AFF-4D92-BED0-0459F6AC7F7C}.Release|Any CPU.ActiveCfg = Release|Any CPU
		{7464662E-0AFF-4D92-BED0-0459F6AC7F7C}.Release|Any CPU.Build.0 = Release|Any CPU
		{4CEFB4C3-5ACC-4DD1-84F9-AEB58967B8A0}.Debug|Any CPU.ActiveCfg = Debug|Any CPU
		{4CEFB4C3-5ACC-4DD1-84F9-AEB58967B8A0}.Debug|Any CPU.Build.0 = Debug|Any CPU
		{4CEFB4C3-5ACC-4DD1-84F9-AEB58967B8A0}.Release|Any CPU.ActiveCfg = Release|Any CPU
		{4CEFB4C3-5ACC-4DD1-84F9-AEB58967B8A0}.Release|Any CPU.Build.0 = Release|Any CPU
	EndGlobalSection
	GlobalSection(SolutionProperties) = preSolution
		HideSolutionNode = FALSE
	EndGlobalSection
	GlobalSection(ExtensibilityGlobals) = postSolution
		SolutionGuid = {FC88E07B-D7ED-488D-BB84-8CD58BCC85BD}
	EndGlobalSection
EndGlobal
